
Microsoft Visual Studio Solution File, Format Version 12.00
# Visual Studio 2012
Project("{FAE04EC0-301F-11D3-BF4B-00C04F79EFBC}") = "SignalR.Castle", "SignalR.Castle\SignalR.Castle.csproj", "{5C9205C0-A4B1-472B-8E50-EDD340338599}"
EndProject
Global
	GlobalSection(SolutionConfigurationPlatforms) = preSolution
		Debug|Any CPU = Debug|Any CPU
		Release|Any CPU = Release|Any CPU
	EndGlobalSection
	GlobalSection(ProjectConfigurationPlatforms) = postSolution
		{5C9205C0-A4B1-472B-8E50-EDD340338599}.Debug|Any CPU.ActiveCfg = Debug|Any CPU
		{5C9205C0-A4B1-472B-8E50-EDD340338599}.Debug|Any CPU.Build.0 = Debug|Any CPU
		{5C9205C0-A4B1-472B-8E50-EDD340338599}.Release|Any CPU.ActiveCfg = Release|Any CPU
		{5C9205C0-A4B1-472B-8E50-EDD340338599}.Release|Any CPU.Build.0 = Release|Any CPU
	EndGlobalSection
	GlobalSection(SolutionProperties) = preSolution
		HideSolutionNode = FALSE
	EndGlobalSection
EndGlobal
